// !$*UTF8*$!
{
	archiveVersion = 1;
	classes = {
	};
	objectVersion = 46;
	objects = {

/* Begin PBXBuildFile section */
		855D5D161F4FC95F00A1FE1A /* TicketTableViewCell.swift in Sources */ = {isa = PBXBuildFile; fileRef = 855D5D151F4FC95F00A1FE1A /* TicketTableViewCell.swift */; };
		855D5D181F4FC97400A1FE1A /* TicketTableViewController.swift in Sources */ = {isa = PBXBuildFile; fileRef = 855D5D171F4FC97400A1FE1A /* TicketTableViewController.swift */; };
		855D5D1C1F4FCF4600A1FE1A /* Ticket.swift in Sources */ = {isa = PBXBuildFile; fileRef = 855D5D1B1F4FCF4600A1FE1A /* Ticket.swift */; };
		85F698F21F4E9EC0009DA1D4 /* spiderman.jpg in Resources */ = {isa = PBXBuildFile; fileRef = 85F698EE1F4E9EC0009DA1D4 /* spiderman.jpg */; };
		85F698F31F4E9EC0009DA1D4 /* valerian.jpg in Resources */ = {isa = PBXBuildFile; fileRef = 85F698EF1F4E9EC0009DA1D4 /* valerian.jpg */; };
		85F698F41F4E9EC0009DA1D4 /* dunkirk.jpg in Resources */ = {isa = PBXBuildFile; fileRef = 85F698F01F4E9EC0009DA1D4 /* dunkirk.jpg */; };
		85F698F51F4E9EC0009DA1D4 /* minions.jpg in Resources */ = {isa = PBXBuildFile; fileRef = 85F698F11F4E9EC0009DA1D4 /* minions.jpg */; };
		85F698FD1F4EB2EC009DA1D4 /* splash_image.png in Resources */ = {isa = PBXBuildFile; fileRef = 85F698FC1F4EB2EC009DA1D4 /* splash_image.png */; };
		DC076C481F4E93D300A9395F /* DescViewController.swift in Sources */ = {isa = PBXBuildFile; fileRef = DC076C471F4E93D300A9395F /* DescViewController.swift */; };
		DC4C11521F4AAA8900BD9532 /* AppDelegate.swift in Sources */ = {isa = PBXBuildFile; fileRef = DC4C11511F4AAA8900BD9532 /* AppDelegate.swift */; };
		DC4C11541F4AAA8900BD9532 /* ViewController.swift in Sources */ = {isa = PBXBuildFile; fileRef = DC4C11531F4AAA8900BD9532 /* ViewController.swift */; };
		DC4C11571F4AAA8900BD9532 /* Main.storyboard in Resources */ = {isa = PBXBuildFile; fileRef = DC4C11551F4AAA8900BD9532 /* Main.storyboard */; };
		DC4C11591F4AAA8900BD9532 /* Assets.xcassets in Resources */ = {isa = PBXBuildFile; fileRef = DC4C11581F4AAA8900BD9532 /* Assets.xcassets */; };
		DC4C115C1F4AAA8900BD9532 /* LaunchScreen.storyboard in Resources */ = {isa = PBXBuildFile; fileRef = DC4C115A1F4AAA8900BD9532 /* LaunchScreen.storyboard */; };
		DC4C11671F4AAA8900BD9532 /* JFCinemaAppTests.swift in Sources */ = {isa = PBXBuildFile; fileRef = DC4C11661F4AAA8900BD9532 /* JFCinemaAppTests.swift */; };
		DC4C11721F4AAA8900BD9532 /* JFCinemaAppUITests.swift in Sources */ = {isa = PBXBuildFile; fileRef = DC4C11711F4AAA8900BD9532 /* JFCinemaAppUITests.swift */; };
		DC4C11801F4ADDEF00BD9532 /* ViewControllerTableViewCell.swift in Sources */ = {isa = PBXBuildFile; fileRef = DC4C117F1F4ADDEE00BD9532 /* ViewControllerTableViewCell.swift */; };
		DC4C11821F4ADE3900BD9532 /* SessionTableViewCell.swift in Sources */ = {isa = PBXBuildFile; fileRef = DC4C11811F4ADE3900BD9532 /* SessionTableViewCell.swift */; };
		DC4C11841F4ADE6D00BD9532 /* SessionTableViewController.swift in Sources */ = {isa = PBXBuildFile; fileRef = DC4C11831F4ADE6D00BD9532 /* SessionTableViewController.swift */; };
		DC4C11861F4ADEDC00BD9532 /* FeaturedCollectionViewCell.swift in Sources */ = {isa = PBXBuildFile; fileRef = DC4C11851F4ADEDC00BD9532 /* FeaturedCollectionViewCell.swift */; };
		DC4C11881F4ADF0900BD9532 /* FeaturedViewController.swift in Sources */ = {isa = PBXBuildFile; fileRef = DC4C11871F4ADF0900BD9532 /* FeaturedViewController.swift */; };
		DC4C118A1F4ADFB700BD9532 /* helper.swift in Sources */ = {isa = PBXBuildFile; fileRef = DC4C11891F4ADFB700BD9532 /* helper.swift */; };
		DC4C118C1F4ADFE400BD9532 /* BookViewController.swift in Sources */ = {isa = PBXBuildFile; fileRef = DC4C118B1F4ADFE400BD9532 /* BookViewController.swift */; };
		DC4C11921F4AE0E400BD9532 /* dunkirk_backdrop.jpg in Resources */ = {isa = PBXBuildFile; fileRef = DC4C118E1F4AE0E400BD9532 /* dunkirk_backdrop.jpg */; };
		DC4C11931F4AE0E400BD9532 /* minions_backdrop.jpg in Resources */ = {isa = PBXBuildFile; fileRef = DC4C118F1F4AE0E400BD9532 /* minions_backdrop.jpg */; };
		DC4C11941F4AE0E400BD9532 /* spiderman_backdrop.jpg in Resources */ = {isa = PBXBuildFile; fileRef = DC4C11901F4AE0E400BD9532 /* spiderman_backdrop.jpg */; };
		DC4C11951F4AE0E400BD9532 /* valerian_backdrop.jpg in Resources */ = {isa = PBXBuildFile; fileRef = DC4C11911F4AE0E400BD9532 /* valerian_backdrop.jpg */; };
		DC4C11A41F4AEC1D00BD9532 /* MovieList.swift in Sources */ = {isa = PBXBuildFile; fileRef = DC4C11A31F4AEC1D00BD9532 /* MovieList.swift */; };
		DC4C11A61F4B0F4B00BD9532 /* Singleton.swift in Sources */ = {isa = PBXBuildFile; fileRef = DC4C11A51F4B0F4B00BD9532 /* Singleton.swift */; };
		DC4C11AA1F4B2D4800BD9532 /* Movies.swift in Sources */ = {isa = PBXBuildFile; fileRef = DC4C11A91F4B2D4800BD9532 /* Movies.swift */; };
/* End PBXBuildFile section */

/* Begin PBXContainerItemProxy section */
		DC4C11631F4AAA8900BD9532 /* PBXContainerItemProxy */ = {
			isa = PBXContainerItemProxy;
			containerPortal = DC4C11461F4AAA8900BD9532 /* Project object */;
			proxyType = 1;
			remoteGlobalIDString = DC4C114D1F4AAA8900BD9532;
			remoteInfo = JFCinemaApp;
		};
		DC4C116E1F4AAA8900BD9532 /* PBXContainerItemProxy */ = {
			isa = PBXContainerItemProxy;
			containerPortal = DC4C11461F4AAA8900BD9532 /* Project object */;
			proxyType = 1;
			remoteGlobalIDString = DC4C114D1F4AAA8900BD9532;
			remoteInfo = JFCinemaApp;
		};
/* End PBXContainerItemProxy section */

/* Begin PBXFileReference section */
		855D5D151F4FC95F00A1FE1A /* TicketTableViewCell.swift */ = {isa = PBXFileReference; fileEncoding = 4; lastKnownFileType = sourcecode.swift; path = TicketTableViewCell.swift; sourceTree = "<group>"; };
		855D5D171F4FC97400A1FE1A /* TicketTableViewController.swift */ = {isa = PBXFileReference; fileEncoding = 4; lastKnownFileType = sourcecode.swift; path = TicketTableViewController.swift; sourceTree = "<group>"; };
		855D5D1B1F4FCF4600A1FE1A /* Ticket.swift */ = {isa = PBXFileReference; fileEncoding = 4; lastKnownFileType = sourcecode.swift; path = Ticket.swift; sourceTree = "<group>"; };
		85F698EE1F4E9EC0009DA1D4 /* spiderman.jpg */ = {isa = PBXFileReference; lastKnownFileType = image.jpeg; path = spiderman.jpg; sourceTree = "<group>"; };
		85F698EF1F4E9EC0009DA1D4 /* valerian.jpg */ = {isa = PBXFileReference; lastKnownFileType = image.jpeg; path = valerian.jpg; sourceTree = "<group>"; };
		85F698F01F4E9EC0009DA1D4 /* dunkirk.jpg */ = {isa = PBXFileReference; lastKnownFileType = image.jpeg; path = dunkirk.jpg; sourceTree = "<group>"; };
		85F698F11F4E9EC0009DA1D4 /* minions.jpg */ = {isa = PBXFileReference; lastKnownFileType = image.jpeg; path = minions.jpg; sourceTree = "<group>"; };
		85F698FC1F4EB2EC009DA1D4 /* splash_image.png */ = {isa = PBXFileReference; lastKnownFileType = image.png; path = splash_image.png; sourceTree = "<group>"; };
		DC076C471F4E93D300A9395F /* DescViewController.swift */ = {isa = PBXFileReference; fileEncoding = 4; lastKnownFileType = sourcecode.swift; path = DescViewController.swift; sourceTree = "<group>"; };
		DC4C114E1F4AAA8900BD9532 /* JFCinemaApp.app */ = {isa = PBXFileReference; explicitFileType = wrapper.application; includeInIndex = 0; path = JFCinemaApp.app; sourceTree = BUILT_PRODUCTS_DIR; };
		DC4C11511F4AAA8900BD9532 /* AppDelegate.swift */ = {isa = PBXFileReference; lastKnownFileType = sourcecode.swift; path = AppDelegate.swift; sourceTree = "<group>"; };
		DC4C11531F4AAA8900BD9532 /* ViewController.swift */ = {isa = PBXFileReference; lastKnownFileType = sourcecode.swift; path = ViewController.swift; sourceTree = "<group>"; };
		DC4C11561F4AAA8900BD9532 /* Base */ = {isa = PBXFileReference; lastKnownFileType = file.storyboard; name = Base; path = Base.lproj/Main.storyboard; sourceTree = "<group>"; };
		DC4C11581F4AAA8900BD9532 /* Assets.xcassets */ = {isa = PBXFileReference; lastKnownFileType = folder.assetcatalog; path = Assets.xcassets; sourceTree = "<group>"; };
		DC4C115B1F4AAA8900BD9532 /* Base */ = {isa = PBXFileReference; lastKnownFileType = file.storyboard; name = Base; path = Base.lproj/LaunchScreen.storyboard; sourceTree = "<group>"; };
		DC4C115D1F4AAA8900BD9532 /* Info.plist */ = {isa = PBXFileReference; lastKnownFileType = text.plist.xml; path = Info.plist; sourceTree = "<group>"; };
		DC4C11621F4AAA8900BD9532 /* JFCinemaAppTests.xctest */ = {isa = PBXFileReference; explicitFileType = wrapper.cfbundle; includeInIndex = 0; path = JFCinemaAppTests.xctest; sourceTree = BUILT_PRODUCTS_DIR; };
		DC4C11661F4AAA8900BD9532 /* JFCinemaAppTests.swift */ = {isa = PBXFileReference; lastKnownFileType = sourcecode.swift; path = JFCinemaAppTests.swift; sourceTree = "<group>"; };
		DC4C11681F4AAA8900BD9532 /* Info.plist */ = {isa = PBXFileReference; lastKnownFileType = text.plist.xml; path = Info.plist; sourceTree = "<group>"; };
		DC4C116D1F4AAA8900BD9532 /* JFCinemaAppUITests.xctest */ = {isa = PBXFileReference; explicitFileType = wrapper.cfbundle; includeInIndex = 0; path = JFCinemaAppUITests.xctest; sourceTree = BUILT_PRODUCTS_DIR; };
		DC4C11711F4AAA8900BD9532 /* JFCinemaAppUITests.swift */ = {isa = PBXFileReference; lastKnownFileType = sourcecode.swift; path = JFCinemaAppUITests.swift; sourceTree = "<group>"; };
		DC4C11731F4AAA8900BD9532 /* Info.plist */ = {isa = PBXFileReference; lastKnownFileType = text.plist.xml; path = Info.plist; sourceTree = "<group>"; };
		DC4C117F1F4ADDEE00BD9532 /* ViewControllerTableViewCell.swift */ = {isa = PBXFileReference; fileEncoding = 4; lastKnownFileType = sourcecode.swift; path = ViewControllerTableViewCell.swift; sourceTree = "<group>"; };
		DC4C11811F4ADE3900BD9532 /* SessionTableViewCell.swift */ = {isa = PBXFileReference; fileEncoding = 4; lastKnownFileType = sourcecode.swift; path = SessionTableViewCell.swift; sourceTree = "<group>"; };
		DC4C11831F4ADE6D00BD9532 /* SessionTableViewController.swift */ = {isa = PBXFileReference; fileEncoding = 4; lastKnownFileType = sourcecode.swift; path = SessionTableViewController.swift; sourceTree = "<group>"; };
		DC4C11851F4ADEDC00BD9532 /* FeaturedCollectionViewCell.swift */ = {isa = PBXFileReference; fileEncoding = 4; lastKnownFileType = sourcecode.swift; path = FeaturedCollectionViewCell.swift; sourceTree = "<group>"; };
		DC4C11871F4ADF0900BD9532 /* FeaturedViewController.swift */ = {isa = PBXFileReference; fileEncoding = 4; lastKnownFileType = sourcecode.swift; path = FeaturedViewController.swift; sourceTree = "<group>"; };
		DC4C11891F4ADFB700BD9532 /* helper.swift */ = {isa = PBXFileReference; fileEncoding = 4; lastKnownFileType = sourcecode.swift; path = helper.swift; sourceTree = "<group>"; };
		DC4C118B1F4ADFE400BD9532 /* BookViewController.swift */ = {isa = PBXFileReference; fileEncoding = 4; lastKnownFileType = sourcecode.swift; path = BookViewController.swift; sourceTree = "<group>"; };
		DC4C118E1F4AE0E400BD9532 /* dunkirk_backdrop.jpg */ = {isa = PBXFileReference; lastKnownFileType = image.jpeg; path = dunkirk_backdrop.jpg; sourceTree = "<group>"; };
		DC4C118F1F4AE0E400BD9532 /* minions_backdrop.jpg */ = {isa = PBXFileReference; lastKnownFileType = image.jpeg; path = minions_backdrop.jpg; sourceTree = "<group>"; };
		DC4C11901F4AE0E400BD9532 /* spiderman_backdrop.jpg */ = {isa = PBXFileReference; lastKnownFileType = image.jpeg; path = spiderman_backdrop.jpg; sourceTree = "<group>"; };
		DC4C11911F4AE0E400BD9532 /* valerian_backdrop.jpg */ = {isa = PBXFileReference; lastKnownFileType = image.jpeg; path = valerian_backdrop.jpg; sourceTree = "<group>"; };
		DC4C11A31F4AEC1D00BD9532 /* MovieList.swift */ = {isa = PBXFileReference; fileEncoding = 4; lastKnownFileType = sourcecode.swift; path = MovieList.swift; sourceTree = "<group>"; };
		DC4C11A51F4B0F4B00BD9532 /* Singleton.swift */ = {isa = PBXFileReference; fileEncoding = 4; lastKnownFileType = sourcecode.swift; path = Singleton.swift; sourceTree = "<group>"; };
		DC4C11A91F4B2D4800BD9532 /* Movies.swift */ = {isa = PBXFileReference; fileEncoding = 4; lastKnownFileType = sourcecode.swift; path = Movies.swift; sourceTree = "<group>"; };
/* End PBXFileReference section */

/* Begin PBXFrameworksBuildPhase section */
		DC4C114B1F4AAA8900BD9532 /* Frameworks */ = {
			isa = PBXFrameworksBuildPhase;
			buildActionMask = 2147483647;
			files = (
			);
			runOnlyForDeploymentPostprocessing = 0;
		};
		DC4C115F1F4AAA8900BD9532 /* Frameworks */ = {
			isa = PBXFrameworksBuildPhase;
			buildActionMask = 2147483647;
			files = (
			);
			runOnlyForDeploymentPostprocessing = 0;
		};
		DC4C116A1F4AAA8900BD9532 /* Frameworks */ = {
			isa = PBXFrameworksBuildPhase;
			buildActionMask = 2147483647;
			files = (
			);
			runOnlyForDeploymentPostprocessing = 0;
		};
/* End PBXFrameworksBuildPhase section */

/* Begin PBXGroup section */
		DC4C11451F4AAA8900BD9532 = {
			isa = PBXGroup;
			children = (
				DC4C11501F4AAA8900BD9532 /* JFCinemaApp */,
				DC4C11651F4AAA8900BD9532 /* JFCinemaAppTests */,
				DC4C11701F4AAA8900BD9532 /* JFCinemaAppUITests */,
				DC4C114F1F4AAA8900BD9532 /* Products */,
			);
			sourceTree = "<group>";
		};
		DC4C114F1F4AAA8900BD9532 /* Products */ = {
			isa = PBXGroup;
			children = (
				DC4C114E1F4AAA8900BD9532 /* JFCinemaApp.app */,
				DC4C11621F4AAA8900BD9532 /* JFCinemaAppTests.xctest */,
				DC4C116D1F4AAA8900BD9532 /* JFCinemaAppUITests.xctest */,
			);
			name = Products;
			sourceTree = "<group>";
		};
		DC4C11501F4AAA8900BD9532 /* JFCinemaApp */ = {
			isa = PBXGroup;
			children = (
				DC4C11511F4AAA8900BD9532 /* AppDelegate.swift */,
				DC4C11851F4ADEDC00BD9532 /* FeaturedCollectionViewCell.swift */,
				DC4C11871F4ADF0900BD9532 /* FeaturedViewController.swift */,
				DC4C11811F4ADE3900BD9532 /* SessionTableViewCell.swift */,
				DC4C11831F4ADE6D00BD9532 /* SessionTableViewController.swift */,
				DC4C11531F4AAA8900BD9532 /* ViewController.swift */,
				DC4C117F1F4ADDEE00BD9532 /* ViewControllerTableViewCell.swift */,
				855D5D151F4FC95F00A1FE1A /* TicketTableViewCell.swift */,
				855D5D171F4FC97400A1FE1A /* TicketTableViewController.swift */,
				DC4C118B1F4ADFE400BD9532 /* BookViewController.swift */,
				DC076C471F4E93D300A9395F /* DescViewController.swift */,
				DC4C11891F4ADFB700BD9532 /* helper.swift */,
				DC4C11A91F4B2D4800BD9532 /* Movies.swift */,
				DC4C11A31F4AEC1D00BD9532 /* MovieList.swift */,
				DC4C11A51F4B0F4B00BD9532 /* Singleton.swift */,
				855D5D1B1F4FCF4600A1FE1A /* Ticket.swift */,
				DC4C11551F4AAA8900BD9532 /* Main.storyboard */,
				DC4C115A1F4AAA8900BD9532 /* LaunchScreen.storyboard */,
				DC4C115D1F4AAA8900BD9532 /* Info.plist */,
				85F698FC1F4EB2EC009DA1D4 /* splash_image.png */,
				DC4C11581F4AAA8900BD9532 /* Assets.xcassets */,
				DC4C11961F4AE12400BD9532 /* SessionImages */,
				DC4C118D1F4AE0E400BD9532 /* HomeImages */,
			);
			path = JFCinemaApp;
			sourceTree = "<group>";
		};
		DC4C11651F4AAA8900BD9532 /* JFCinemaAppTests */ = {
			isa = PBXGroup;
			children = (
				DC4C11661F4AAA8900BD9532 /* JFCinemaAppTests.swift */,
				DC4C11681F4AAA8900BD9532 /* Info.plist */,
			);
			path = JFCinemaAppTests;
			sourceTree = "<group>";
		};
		DC4C11701F4AAA8900BD9532 /* JFCinemaAppUITests */ = {
			isa = PBXGroup;
			children = (
				DC4C11711F4AAA8900BD9532 /* JFCinemaAppUITests.swift */,
				DC4C11731F4AAA8900BD9532 /* Info.plist */,
			);
			path = JFCinemaAppUITests;
			sourceTree = "<group>";
		};
		DC4C118D1F4AE0E400BD9532 /* HomeImages */ = {
			isa = PBXGroup;
			children = (
				DC4C118E1F4AE0E400BD9532 /* dunkirk_backdrop.jpg */,
				DC4C118F1F4AE0E400BD9532 /* minions_backdrop.jpg */,
				DC4C11901F4AE0E400BD9532 /* spiderman_backdrop.jpg */,
				DC4C11911F4AE0E400BD9532 /* valerian_backdrop.jpg */,
			);
			name = HomeImages;
			path = homeImages;
			sourceTree = "<group>";
		};
		DC4C11961F4AE12400BD9532 /* SessionImages */ = {
			isa = PBXGroup;
			children = (
				85F698EE1F4E9EC0009DA1D4 /* spiderman.jpg */,
				85F698EF1F4E9EC0009DA1D4 /* valerian.jpg */,
				85F698F01F4E9EC0009DA1D4 /* dunkirk.jpg */,
				85F698F11F4E9EC0009DA1D4 /* minions.jpg */,
			);
			name = SessionImages;
			path = sessionImages;
			sourceTree = "<group>";
		};
/* End PBXGroup section */

/* Begin PBXNativeTarget section */
		DC4C114D1F4AAA8900BD9532 /* JFCinemaApp */ = {
			isa = PBXNativeTarget;
			buildConfigurationList = DC4C11761F4AAA8900BD9532 /* Build configuration list for PBXNativeTarget "JFCinemaApp" */;
			buildPhases = (
				DC4C114A1F4AAA8900BD9532 /* Sources */,
				DC4C114B1F4AAA8900BD9532 /* Frameworks */,
				DC4C114C1F4AAA8900BD9532 /* Resources */,
			);
			buildRules = (
			);
			dependencies = (
			);
			name = JFCinemaApp;
			productName = JFCinemaApp;
			productReference = DC4C114E1F4AAA8900BD9532 /* JFCinemaApp.app */;
			productType = "com.apple.product-type.application";
		};
		DC4C11611F4AAA8900BD9532 /* JFCinemaAppTests */ = {
			isa = PBXNativeTarget;
			buildConfigurationList = DC4C11791F4AAA8900BD9532 /* Build configuration list for PBXNativeTarget "JFCinemaAppTests" */;
			buildPhases = (
				DC4C115E1F4AAA8900BD9532 /* Sources */,
				DC4C115F1F4AAA8900BD9532 /* Frameworks */,
				DC4C11601F4AAA8900BD9532 /* Resources */,
			);
			buildRules = (
			);
			dependencies = (
				DC4C11641F4AAA8900BD9532 /* PBXTargetDependency */,
			);
			name = JFCinemaAppTests;
			productName = JFCinemaAppTests;
			productReference = DC4C11621F4AAA8900BD9532 /* JFCinemaAppTests.xctest */;
			productType = "com.apple.product-type.bundle.unit-test";
		};
		DC4C116C1F4AAA8900BD9532 /* JFCinemaAppUITests */ = {
			isa = PBXNativeTarget;
			buildConfigurationList = DC4C117C1F4AAA8900BD9532 /* Build configuration list for PBXNativeTarget "JFCinemaAppUITests" */;
			buildPhases = (
				DC4C11691F4AAA8900BD9532 /* Sources */,
				DC4C116A1F4AAA8900BD9532 /* Frameworks */,
				DC4C116B1F4AAA8900BD9532 /* Resources */,
			);
			buildRules = (
			);
			dependencies = (
				DC4C116F1F4AAA8900BD9532 /* PBXTargetDependency */,
			);
			name = JFCinemaAppUITests;
			productName = JFCinemaAppUITests;
			productReference = DC4C116D1F4AAA8900BD9532 /* JFCinemaAppUITests.xctest */;
			productType = "com.apple.product-type.bundle.ui-testing";
		};
/* End PBXNativeTarget section */

/* Begin PBXProject section */
		DC4C11461F4AAA8900BD9532 /* Project object */ = {
			isa = PBXProject;
			attributes = {
				LastSwiftUpdateCheck = 0830;
				LastUpgradeCheck = 0830;
				ORGANIZATIONNAME = "James Huang";
				TargetAttributes = {
					DC4C114D1F4AAA8900BD9532 = {
						CreatedOnToolsVersion = 8.3.3;
						ProvisioningStyle = Automatic;
					};
					DC4C11611F4AAA8900BD9532 = {
						CreatedOnToolsVersion = 8.3.3;
						ProvisioningStyle = Automatic;
						TestTargetID = DC4C114D1F4AAA8900BD9532;
					};
					DC4C116C1F4AAA8900BD9532 = {
						CreatedOnToolsVersion = 8.3.3;
						ProvisioningStyle = Automatic;
						TestTargetID = DC4C114D1F4AAA8900BD9532;
					};
				};
			};
			buildConfigurationList = DC4C11491F4AAA8900BD9532 /* Build configuration list for PBXProject "JFCinemaApp" */;
			compatibilityVersion = "Xcode 3.2";
			developmentRegion = English;
			hasScannedForEncodings = 0;
			knownRegions = (
				en,
				Base,
			);
			mainGroup = DC4C11451F4AAA8900BD9532;
			productRefGroup = DC4C114F1F4AAA8900BD9532 /* Products */;
			projectDirPath = "";
			projectRoot = "";
			targets = (
				DC4C114D1F4AAA8900BD9532 /* JFCinemaApp */,
				DC4C11611F4AAA8900BD9532 /* JFCinemaAppTests */,
				DC4C116C1F4AAA8900BD9532 /* JFCinemaAppUITests */,
			);
		};
/* End PBXProject section */

/* Begin PBXResourcesBuildPhase section */
		DC4C114C1F4AAA8900BD9532 /* Resources */ = {
			isa = PBXResourcesBuildPhase;
			buildActionMask = 2147483647;
			files = (
				DC4C11951F4AE0E400BD9532 /* valerian_backdrop.jpg in Resources */,
				DC4C11921F4AE0E400BD9532 /* dunkirk_backdrop.jpg in Resources */,
				DC4C115C1F4AAA8900BD9532 /* LaunchScreen.storyboard in Resources */,
				DC4C11931F4AE0E400BD9532 /* minions_backdrop.jpg in Resources */,
				85F698FD1F4EB2EC009DA1D4 /* splash_image.png in Resources */,
				DC4C11941F4AE0E400BD9532 /* spiderman_backdrop.jpg in Resources */,
				DC4C11591F4AAA8900BD9532 /* Assets.xcassets in Resources */,
				85F698F31F4E9EC0009DA1D4 /* valerian.jpg in Resources */,
				DC4C11571F4AAA8900BD9532 /* Main.storyboard in Resources */,
				85F698F41F4E9EC0009DA1D4 /* dunkirk.jpg in Resources */,
				85F698F51F4E9EC0009DA1D4 /* minions.jpg in Resources */,
				85F698F21F4E9EC0009DA1D4 /* spiderman.jpg in Resources */,
			);
			runOnlyForDeploymentPostprocessing = 0;
		};
		DC4C11601F4AAA8900BD9532 /* Resources */ = {
			isa = PBXResourcesBuildPhase;
			buildActionMask = 2147483647;
			files = (
			);
			runOnlyForDeploymentPostprocessing = 0;
		};
		DC4C116B1F4AAA8900BD9532 /* Resources */ = {
			isa = PBXResourcesBuildPhase;
			buildActionMask = 2147483647;
			files = (
			);
			runOnlyForDeploymentPostprocessing = 0;
		};
/* End PBXResourcesBuildPhase section */

/* Begin PBXSourcesBuildPhase section */
		DC4C114A1F4AAA8900BD9532 /* Sources */ = {
			isa = PBXSourcesBuildPhase;
			buildActionMask = 2147483647;
			files = (
				DC4C11821F4ADE3900BD9532 /* SessionTableViewCell.swift in Sources */,
				DC4C11AA1F4B2D4800BD9532 /* Movies.swift in Sources */,
				DC4C118C1F4ADFE400BD9532 /* BookViewController.swift in Sources */,
				DC4C11A41F4AEC1D00BD9532 /* MovieList.swift in Sources */,
				DC4C11541F4AAA8900BD9532 /* ViewController.swift in Sources */,
				DC4C11861F4ADEDC00BD9532 /* FeaturedCollectionViewCell.swift in Sources */,
				DC4C11881F4ADF0900BD9532 /* FeaturedViewController.swift in Sources */,
				855D5D161F4FC95F00A1FE1A /* TicketTableViewCell.swift in Sources */,
				DC4C11A61F4B0F4B00BD9532 /* Singleton.swift in Sources */,
				DC4C11841F4ADE6D00BD9532 /* SessionTableViewController.swift in Sources */,
				DC4C11521F4AAA8900BD9532 /* AppDelegate.swift in Sources */,
				855D5D1C1F4FCF4600A1FE1A /* Ticket.swift in Sources */,
				DC4C11801F4ADDEF00BD9532 /* ViewControllerTableViewCell.swift in Sources */,
				855D5D181F4FC97400A1FE1A /* TicketTableViewController.swift in Sources */,
				DC4C118A1F4ADFB700BD9532 /* helper.swift in Sources */,
				DC076C481F4E93D300A9395F /* DescViewController.swift in Sources */,
			);
			runOnlyForDeploymentPostprocessing = 0;
		};
		DC4C115E1F4AAA8900BD9532 /* Sources */ = {
			isa = PBXSourcesBuildPhase;
			buildActionMask = 2147483647;
			files = (
				DC4C11671F4AAA8900BD9532 /* JFCinemaAppTests.swift in Sources */,
			);
			runOnlyForDeploymentPostprocessing = 0;
		};
		DC4C11691F4AAA8900BD9532 /* Sources */ = {
			isa = PBXSourcesBuildPhase;
			buildActionMask = 2147483647;
			files = (
				DC4C11721F4AAA8900BD9532 /* JFCinemaAppUITests.swift in Sources */,
			);
			runOnlyForDeploymentPostprocessing = 0;
		};
/* End PBXSourcesBuildPhase section */

/* Begin PBXTargetDependency section */
		DC4C11641F4AAA8900BD9532 /* PBXTargetDependency */ = {
			isa = PBXTargetDependency;
			target = DC4C114D1F4AAA8900BD9532 /* JFCinemaApp */;
			targetProxy = DC4C11631F4AAA8900BD9532 /* PBXContainerItemProxy */;
		};
		DC4C116F1F4AAA8900BD9532 /* PBXTargetDependency */ = {
			isa = PBXTargetDependency;
			target = DC4C114D1F4AAA8900BD9532 /* JFCinemaApp */;
			targetProxy = DC4C116E1F4AAA8900BD9532 /* PBXContainerItemProxy */;
		};
/* End PBXTargetDependency section */

/* Begin PBXVariantGroup section */
		DC4C11551F4AAA8900BD9532 /* Main.storyboard */ = {
			isa = PBXVariantGroup;
			children = (
				DC4C11561F4AAA8900BD9532 /* Base */,
			);
			name = Main.storyboard;
			sourceTree = "<group>";
		};
		DC4C115A1F4AAA8900BD9532 /* LaunchScreen.storyboard */ = {
			isa = PBXVariantGroup;
			children = (
				DC4C115B1F4AAA8900BD9532 /* Base */,
			);
			name = LaunchScreen.storyboard;
			sourceTree = "<group>";
		};
/* End PBXVariantGroup section */

/* Begin XCBuildConfiguration section */
		DC4C11741F4AAA8900BD9532 /* Debug */ = {
			isa = XCBuildConfiguration;
			buildSettings = {
				ALWAYS_SEARCH_USER_PATHS = NO;
				CLANG_ANALYZER_NONNULL = YES;
				CLANG_ANALYZER_NUMBER_OBJECT_CONVERSION = YES_AGGRESSIVE;
				CLANG_CXX_LANGUAGE_STANDARD = "gnu++0x";
				CLANG_CXX_LIBRARY = "libc++";
				CLANG_ENABLE_MODULES = YES;
				CLANG_ENABLE_OBJC_ARC = YES;
				CLANG_WARN_BOOL_CONVERSION = YES;
				CLANG_WARN_CONSTANT_CONVERSION = YES;
				CLANG_WARN_DIRECT_OBJC_ISA_USAGE = YES_ERROR;
				CLANG_WARN_DOCUMENTATION_COMMENTS = YES;
				CLANG_WARN_EMPTY_BODY = YES;
				CLANG_WARN_ENUM_CONVERSION = YES;
				CLANG_WARN_INFINITE_RECURSION = YES;
				CLANG_WARN_INT_CONVERSION = YES;
				CLANG_WARN_OBJC_ROOT_CLASS = YES_ERROR;
				CLANG_WARN_SUSPICIOUS_MOVE = YES;
				CLANG_WARN_UNREACHABLE_CODE = YES;
				CLANG_WARN__DUPLICATE_METHOD_MATCH = YES;
				"CODE_SIGN_IDENTITY[sdk=iphoneos*]" = "iPhone Developer";
				COPY_PHASE_STRIP = NO;
				DEBUG_INFORMATION_FORMAT = dwarf;
				ENABLE_STRICT_OBJC_MSGSEND = YES;
				ENABLE_TESTABILITY = YES;
				GCC_C_LANGUAGE_STANDARD = gnu99;
				GCC_DYNAMIC_NO_PIC = NO;
				GCC_NO_COMMON_BLOCKS = YES;
				GCC_OPTIMIZATION_LEVEL = 0;
				GCC_PREPROCESSOR_DEFINITIONS = (
					"DEBUG=1",
					"$(inherited)",
				);
				GCC_WARN_64_TO_32_BIT_CONVERSION = YES;
				GCC_WARN_ABOUT_RETURN_TYPE = YES_ERROR;
				GCC_WARN_UNDECLARED_SELECTOR = YES;
				GCC_WARN_UNINITIALIZED_AUTOS = YES_AGGRESSIVE;
				GCC_WARN_UNUSED_FUNCTION = YES;
				GCC_WARN_UNUSED_VARIABLE = YES;
				IPHONEOS_DEPLOYMENT_TARGET = 10.3;
				MTL_ENABLE_DEBUG_INFO = YES;
				ONLY_ACTIVE_ARCH = YES;
				SDKROOT = iphoneos;
				SWIFT_ACTIVE_COMPILATION_CONDITIONS = DEBUG;
				SWIFT_OPTIMIZATION_LEVEL = "-Onone";
				TARGETED_DEVICE_FAMILY = "1,2";
			};
			name = Debug;
		};
		DC4C11751F4AAA8900BD9532 /* Release */ = {
			isa = XCBuildConfiguration;
			buildSettings = {
				ALWAYS_SEARCH_USER_PATHS = NO;
				CLANG_ANALYZER_NONNULL = YES;
				CLANG_ANALYZER_NUMBER_OBJECT_CONVERSION = YES_AGGRESSIVE;
				CLANG_CXX_LANGUAGE_STANDARD = "gnu++0x";
				CLANG_CXX_LIBRARY = "libc++";
				CLANG_ENABLE_MODULES = YES;
				CLANG_ENABLE_OBJC_ARC = YES;
				CLANG_WARN_BOOL_CONVERSION = YES;
				CLANG_WARN_CONSTANT_CONVERSION = YES;
				CLANG_WARN_DIRECT_OBJC_ISA_USAGE = YES_ERROR;
				CLANG_WARN_DOCUMENTATION_COMMENTS = YES;
				CLANG_WARN_EMPTY_BODY = YES;
				CLANG_WARN_ENUM_CONVERSION = YES;
				CLANG_WARN_INFINITE_RECURSION = YES;
				CLANG_WARN_INT_CONVERSION = YES;
				CLANG_WARN_OBJC_ROOT_CLASS = YES_ERROR;
				CLANG_WARN_SUSPICIOUS_MOVE = YES;
				CLANG_WARN_UNREACHABLE_CODE = YES;
				CLANG_WARN__DUPLICATE_METHOD_MATCH = YES;
				"CODE_SIGN_IDENTITY[sdk=iphoneos*]" = "iPhone Developer";
				COPY_PHASE_STRIP = NO;
				DEBUG_INFORMATION_FORMAT = "dwarf-with-dsym";
				ENABLE_NS_ASSERTIONS = NO;
				ENABLE_STRICT_OBJC_MSGSEND = YES;
				GCC_C_LANGUAGE_STANDARD = gnu99;
				GCC_NO_COMMON_BLOCKS = YES;
				GCC_WARN_64_TO_32_BIT_CONVERSION = YES;
				GCC_WARN_ABOUT_RETURN_TYPE = YES_ERROR;
				GCC_WARN_UNDECLARED_SELECTOR = YES;
				GCC_WARN_UNINITIALIZED_AUTOS = YES_AGGRESSIVE;
				GCC_WARN_UNUSED_FUNCTION = YES;
				GCC_WARN_UNUSED_VARIABLE = YES;
				IPHONEOS_DEPLOYMENT_TARGET = 10.3;
				MTL_ENABLE_DEBUG_INFO = NO;
				SDKROOT = iphoneos;
				SWIFT_OPTIMIZATION_LEVEL = "-Owholemodule";
				TARGETED_DEVICE_FAMILY = "1,2";
				VALIDATE_PRODUCT = YES;
			};
			name = Release;
		};
		DC4C11771F4AAA8900BD9532 /* Debug */ = {
			isa = XCBuildConfiguration;
			buildSettings = {
				ASSETCATALOG_COMPILER_APPICON_NAME = AppIcon;
				INFOPLIST_FILE = JFCinemaApp/Info.plist;
				LD_RUNPATH_SEARCH_PATHS = "$(inherited) @executable_path/Frameworks";
				PRODUCT_BUNDLE_IDENTIFIER = jameshuang.JFCinemaApp;
				PRODUCT_NAME = "$(TARGET_NAME)";
				SWIFT_VERSION = 3.0;
			};
			name = Debug;
		};
		DC4C11781F4AAA8900BD9532 /* Release */ = {
			isa = XCBuildConfiguration;
			buildSettings = {
				ASSETCATALOG_COMPILER_APPICON_NAME = AppIcon;
				INFOPLIST_FILE = JFCinemaApp/Info.plist;
				LD_RUNPATH_SEARCH_PATHS = "$(inherited) @executable_path/Frameworks";
				PRODUCT_BUNDLE_IDENTIFIER = jameshuang.JFCinemaApp;
				PRODUCT_NAME = "$(TARGET_NAME)";
				SWIFT_VERSION = 3.0;
			};
			name = Release;
		};
		DC4C117A1F4AAA8900BD9532 /* Debug */ = {
			isa = XCBuildConfiguration;
			buildSettings = {
				ALWAYS_EMBED_SWIFT_STANDARD_LIBRARIES = YES;
				BUNDLE_LOADER = "$(TEST_HOST)";
				INFOPLIST_FILE = JFCinemaAppTests/Info.plist;
				LD_RUNPATH_SEARCH_PATHS = "$(inherited) @executable_path/Frameworks @loader_path/Frameworks";
				PRODUCT_BUNDLE_IDENTIFIER = jameshuang.JFCinemaAppTests;
				PRODUCT_NAME = "$(TARGET_NAME)";
				SWIFT_VERSION = 3.0;
				TEST_HOST = "$(BUILT_PRODUCTS_DIR)/JFCinemaApp.app/JFCinemaApp";
			};
			name = Debug;
		};
		DC4C117B1F4AAA8900BD9532 /* Release */ = {
			isa = XCBuildConfiguration;
			buildSettings = {
				ALWAYS_EMBED_SWIFT_STANDARD_LIBRARIES = YES;
				BUNDLE_LOADER = "$(TEST_HOST)";
				INFOPLIST_FILE = JFCinemaAppTests/Info.plist;
				LD_RUNPATH_SEARCH_PATHS = "$(inherited) @executable_path/Frameworks @loader_path/Frameworks";
				PRODUCT_BUNDLE_IDENTIFIER = jameshuang.JFCinemaAppTests;
				PRODUCT_NAME = "$(TARGET_NAME)";
				SWIFT_VERSION = 3.0;
				TEST_HOST = "$(BUILT_PRODUCTS_DIR)/JFCinemaApp.app/JFCinemaApp";
			};
			name = Release;
		};
		DC4C117D1F4AAA8900BD9532 /* Debug */ = {
			isa = XCBuildConfiguration;
			buildSettings = {
				ALWAYS_EMBED_SWIFT_STANDARD_LIBRARIES = YES;
				INFOPLIST_FILE = JFCinemaAppUITests/Info.plist;
				LD_RUNPATH_SEARCH_PATHS = "$(inherited) @executable_path/Frameworks @loader_path/Frameworks";
				PRODUCT_BUNDLE_IDENTIFIER = jameshuang.JFCinemaAppUITests;
				PRODUCT_NAME = "$(TARGET_NAME)";
				SWIFT_VERSION = 3.0;
				TEST_TARGET_NAME = JFCinemaApp;
			};
			name = Debug;
		};
		DC4C117E1F4AAA8900BD9532 /* Release */ = {
			isa = XCBuildConfiguration;
			buildSettings = {
				ALWAYS_EMBED_SWIFT_STANDARD_LIBRARIES = YES;
				INFOPLIST_FILE = JFCinemaAppUITests/Info.plist;
				LD_RUNPATH_SEARCH_PATHS = "$(inherited) @executable_path/Frameworks @loader_path/Frameworks";
				PRODUCT_BUNDLE_IDENTIFIER = jameshuang.JFCinemaAppUITests;
				PRODUCT_NAME = "$(TARGET_NAME)";
				SWIFT_VERSION = 3.0;
				TEST_TARGET_NAME = JFCinemaApp;
			};
			name = Release;
		};
/* End XCBuildConfiguration section */

/* Begin XCConfigurationList section */
		DC4C11491F4AAA8900BD9532 /* Build configuration list for PBXProject "JFCinemaApp" */ = {
			isa = XCConfigurationList;
			buildConfigurations = (
				DC4C11741F4AAA8900BD9532 /* Debug */,
				DC4C11751F4AAA8900BD9532 /* Release */,
			);
			defaultConfigurationIsVisible = 0;
			defaultConfigurationName = Release;
		};
		DC4C11761F4AAA8900BD9532 /* Build configuration list for PBXNativeTarget "JFCinemaApp" */ = {
			isa = XCConfigurationList;
			buildConfigurations = (
				DC4C11771F4AAA8900BD9532 /* Debug */,
				DC4C11781F4AAA8900BD9532 /* Release */,
			);
			defaultConfigurationIsVisible = 0;
			defaultConfigurationName = Release;
		};
		DC4C11791F4AAA8900BD9532 /* Build configuration list for PBXNativeTarget "JFCinemaAppTests" */ = {
			isa = XCConfigurationList;
			buildConfigurations = (
				DC4C117A1F4AAA8900BD9532 /* Debug */,
				DC4C117B1F4AAA8900BD9532 /* Release */,
			);
			defaultConfigurationIsVisible = 0;
			defaultConfigurationName = Release;
		};
		DC4C117C1F4AAA8900BD9532 /* Build configuration list for PBXNativeTarget "JFCinemaAppUITests" */ = {
			isa = XCConfigurationList;
			buildConfigurations = (
				DC4C117D1F4AAA8900BD9532 /* Debug */,
				DC4C117E1F4AAA8900BD9532 /* Release */,
			);
			defaultConfigurationIsVisible = 0;
			defaultConfigurationName = Release;
		};
/* End XCConfigurationList section */
	};
	rootObject = DC4C11461F4AAA8900BD9532 /* Project object */;
}
